{
  "object": {
    "pins": [
      {
        "package": "DeltaLogger",
        "repositoryURL": "https://github.com/stackotter/delta-logger",
        "state": {
          "branch": "main",
          "revision": "a2ffeb3596fd32bf5ff0ad9fda9b610ae7481745",
          "version": null
        }
      },
      {
        "package": "swift-log",
        "repositoryURL": "https://github.com/apple/swift-log",
        "state": {
          "branch": null,
          "revision": "6fe203dc33195667ce1759bf0182975e4653ba1c",
          "version": "1.4.4"
        }
      }
    ]
  },
  "version": 1
}
